Microsoft Visual Studio Solution File, Format Version 12.00
# Visual Studio Version 17
VisualStudioVersion = 17.5.2.0
MinimumVisualStudioVersion = 10.0.40219.1
Project("{FAE04EC0-301F-11D3-BF4B-00C04F79EFBC}") = "iambetter", "iambetter.csproj", "{D91A6B58-82B4-47FB-2F89-8BD4AD7F041A}"
EndProject
Global
	GlobalSection(SolutionConfigurationPlatforms) = preSolution
		Debug|Any CPU = Debug|Any CPU
		Release|Any CPU = Release|Any CPU
	EndGlobalSection
	GlobalSection(ProjectConfigurationPlatforms) = postSolution
		{D91A6B58-82B4-47FB-2F89-8BD4AD7F041A}.Debug|Any CPU.ActiveCfg = Debug|Any CPU
		{D91A6B58-82B4-47FB-2F89-8BD4AD7F041A}.Debug|Any CPU.Build.0 = Debug|Any CPU
		{D91A6B58-82B4-47FB-2F89-8BD4AD7F041A}.Release|Any CPU.ActiveCfg = Release|Any CPU
		{D91A6B58-82B4-47FB-2F89-8BD4AD7F041A}.Release|Any CPU.Build.0 = Release|Any CPU
	EndGlobalSection
	GlobalSection(SolutionProperties) = preSolution
		HideSolutionNode = FALSE
	EndGlobalSection
	GlobalSection(ExtensibilityGlobals) = postSolution
		SolutionGuid = {4A98DD66-CA47-4887-A274-6E7A8F06497A}
	EndGlobalSection
EndGlobal
